
Microsoft Visual Studio Solution File, Format Version 12.00
# Visual Studio 2013
VisualStudioVersion = 12.0.30723.0
MinimumVisualStudioVersion = 10.0.40219.1
Project("{FAE04EC0-301F-11D3-BF4B-00C04F79EFBC}") = "KQ.Starter", "KQ.Starter\KQ.Starter.csproj", "{A4CC4944-CD3E-45C3-978E-371289382D96}"
EndProject
Project("{FAE04EC0-301F-11D3-BF4B-00C04F79EFBC}") = "KQ.Core", "KQ.Core\KQ.Core.csproj", "{6C2C5D8A-64FF-48DA-A7F3-639393F8E560}"
EndProject
Project("{FAE04EC0-301F-11D3-BF4B-00C04F79EFBC}") = "KQ.Model", "KQ.Model\KQ.Model.csproj", "{60DCF2E0-6C07-4AFE-99B8-BAC8D98E2D39}"
EndProject
Project("{FAE04EC0-301F-11D3-BF4B-00C04F79EFBC}") = "KQ.Game", "KQ.Game\KQ.Game.csproj", "{98158457-BC19-4977-B5F5-DE571628485E}"
EndProject
Project("{FAE04EC0-301F-11D3-BF4B-00C04F79EFBC}") = "KQ.Render", "KQ.Render\KQ.Render.csproj", "{7D03E396-3115-47A8-96CB-DE6D2DEDA2EE}"
EndProject
Project("{FAE04EC0-301F-11D3-BF4B-00C04F79EFBC}") = "KQ.StatusBar", "KQ.StatusBar\KQ.StatusBar.csproj", "{D56AF261-0351-406F-8A27-94F2F5216F84}"
EndProject
Project("{2150E333-8FDC-42A3-9474-1A3956D46DE8}") = "Framework", "Framework", "{AC2F1245-0736-4B19-A3AA-2F2DC325F342}"
EndProject
Project("{2150E333-8FDC-42A3-9474-1A3956D46DE8}") = "Module", "Module", "{1C429F6D-7CDB-4ACC-AED2-A6220C191C52}"
EndProject
Global
	GlobalSection(SolutionConfigurationPlatforms) = preSolution
		Debug|Any CPU = Debug|Any CPU
		Release|Any CPU = Release|Any CPU
	EndGlobalSection
	GlobalSection(ProjectConfigurationPlatforms) = postSolution
		{A4CC4944-CD3E-45C3-978E-371289382D96}.Debug|Any CPU.ActiveCfg = Debug|Any CPU
		{A4CC4944-CD3E-45C3-978E-371289382D96}.Debug|Any CPU.Build.0 = Debug|Any CPU
		{A4CC4944-CD3E-45C3-978E-371289382D96}.Release|Any CPU.ActiveCfg = Release|Any CPU
		{A4CC4944-CD3E-45C3-978E-371289382D96}.Release|Any CPU.Build.0 = Release|Any CPU
		{6C2C5D8A-64FF-48DA-A7F3-639393F8E560}.Debug|Any CPU.ActiveCfg = Debug|Any CPU
		{6C2C5D8A-64FF-48DA-A7F3-639393F8E560}.Debug|Any CPU.Build.0 = Debug|Any CPU
		{6C2C5D8A-64FF-48DA-A7F3-639393F8E560}.Release|Any CPU.ActiveCfg = Release|Any CPU
		{6C2C5D8A-64FF-48DA-A7F3-639393F8E560}.Release|Any CPU.Build.0 = Release|Any CPU
		{60DCF2E0-6C07-4AFE-99B8-BAC8D98E2D39}.Debug|Any CPU.ActiveCfg = Debug|Any CPU
		{60DCF2E0-6C07-4AFE-99B8-BAC8D98E2D39}.Debug|Any CPU.Build.0 = Debug|Any CPU
		{60DCF2E0-6C07-4AFE-99B8-BAC8D98E2D39}.Release|Any CPU.ActiveCfg = Release|Any CPU
		{60DCF2E0-6C07-4AFE-99B8-BAC8D98E2D39}.Release|Any CPU.Build.0 = Release|Any CPU
		{98158457-BC19-4977-B5F5-DE571628485E}.Debug|Any CPU.ActiveCfg = Debug|Any CPU
		{98158457-BC19-4977-B5F5-DE571628485E}.Debug|Any CPU.Build.0 = Debug|Any CPU
		{98158457-BC19-4977-B5F5-DE571628485E}.Release|Any CPU.ActiveCfg = Release|Any CPU
		{98158457-BC19-4977-B5F5-DE571628485E}.Release|Any CPU.Build.0 = Release|Any CPU
		{7D03E396-3115-47A8-96CB-DE6D2DEDA2EE}.Debug|Any CPU.ActiveCfg = Debug|Any CPU
		{7D03E396-3115-47A8-96CB-DE6D2DEDA2EE}.Debug|Any CPU.Build.0 = Debug|Any CPU
		{7D03E396-3115-47A8-96CB-DE6D2DEDA2EE}.Release|Any CPU.ActiveCfg = Release|Any CPU
		{7D03E396-3115-47A8-96CB-DE6D2DEDA2EE}.Release|Any CPU.Build.0 = Release|Any CPU
		{D56AF261-0351-406F-8A27-94F2F5216F84}.Debug|Any CPU.ActiveCfg = Debug|Any CPU
		{D56AF261-0351-406F-8A27-94F2F5216F84}.Debug|Any CPU.Build.0 = Debug|Any CPU
		{D56AF261-0351-406F-8A27-94F2F5216F84}.Release|Any CPU.ActiveCfg = Release|Any CPU
		{D56AF261-0351-406F-8A27-94F2F5216F84}.Release|Any CPU.Build.0 = Release|Any CPU
	EndGlobalSection
	GlobalSection(SolutionProperties) = preSolution
		HideSolutionNode = FALSE
	EndGlobalSection
	GlobalSection(NestedProjects) = preSolution
		{6C2C5D8A-64FF-48DA-A7F3-639393F8E560} = {AC2F1245-0736-4B19-A3AA-2F2DC325F342}
		{60DCF2E0-6C07-4AFE-99B8-BAC8D98E2D39} = {AC2F1245-0736-4B19-A3AA-2F2DC325F342}
		{98158457-BC19-4977-B5F5-DE571628485E} = {AC2F1245-0736-4B19-A3AA-2F2DC325F342}
		{7D03E396-3115-47A8-96CB-DE6D2DEDA2EE} = {1C429F6D-7CDB-4ACC-AED2-A6220C191C52}
		{D56AF261-0351-406F-8A27-94F2F5216F84} = {1C429F6D-7CDB-4ACC-AED2-A6220C191C52}
	EndGlobalSection
EndGlobal
